
Microsoft Visual Studio Solution File, Format Version 12.00
# Visual Studio Version 16
VisualStudioVersion = 16.0.31624.102
MinimumVisualStudioVersion = 10.0.40219.1
Project("{FAE04EC0-301F-11D3-BF4B-00C04F79EFBC}") = "EFCore5WebApp", "EFCore5WebApp.csproj", "{BBBDC3E8-A6BA-48DB-AE00-9B06B4860696}"
EndProject
Project("{FAE04EC0-301F-11D3-BF4B-00C04F79EFBC}") = "EFCore5WebApp.Core", "..\EFCore5WebApp.Core\EFCore5WebApp.Core.csproj", "{C8B70108-23AD-4E4E-AE89-D09EB6B5238C}"
EndProject
Project("{FAE04EC0-301F-11D3-BF4B-00C04F79EFBC}") = "EFCore5WebApp.Core.Tests", "..\EFCore5WebApp.Core.Tests\EFCore5WebApp.Core.Tests.csproj", "{8974F63A-D9F6-444C-8A9E-88448446ECD7}"
EndProject
Project("{FAE04EC0-301F-11D3-BF4B-00C04F79EFBC}") = "EFCore5WebApp.DAL", "..\EFCore5WebApp.DAL\EFCore5WebApp.DAL.csproj", "{D60B6E77-AFC7-4F39-8D30-54E5B827EFD6}"
EndProject
Project("{FAE04EC0-301F-11D3-BF4B-00C04F79EFBC}") = "EFCore5WebApp.DAL.Tests", "..\EFCore5WebApp.DAL.Tests\EFCore5WebApp.DAL.Tests.csproj", "{004CBD98-3B54-446E-B0E2-54E41559D5F8}"
EndProject
Global
	GlobalSection(SolutionConfigurationPlatforms) = preSolution
		Debug|Any CPU = Debug|Any CPU
		Release|Any CPU = Release|Any CPU
	EndGlobalSection
	GlobalSection(ProjectConfigurationPlatforms) = postSolution
		{BBBDC3E8-A6BA-48DB-AE00-9B06B4860696}.Debug|Any CPU.ActiveCfg = Debug|Any CPU
		{BBBDC3E8-A6BA-48DB-AE00-9B06B4860696}.Debug|Any CPU.Build.0 = Debug|Any CPU
		{BBBDC3E8-A6BA-48DB-AE00-9B06B4860696}.Release|Any CPU.ActiveCfg = Release|Any CPU
		{BBBDC3E8-A6BA-48DB-AE00-9B06B4860696}.Release|Any CPU.Build.0 = Release|Any CPU
		{C8B70108-23AD-4E4E-AE89-D09EB6B5238C}.Debug|Any CPU.ActiveCfg = Debug|Any CPU
		{C8B70108-23AD-4E4E-AE89-D09EB6B5238C}.Debug|Any CPU.Build.0 = Debug|Any CPU
		{C8B70108-23AD-4E4E-AE89-D09EB6B5238C}.Release|Any CPU.ActiveCfg = Release|Any CPU
		{C8B70108-23AD-4E4E-AE89-D09EB6B5238C}.Release|Any CPU.Build.0 = Release|Any CPU
		{8974F63A-D9F6-444C-8A9E-88448446ECD7}.Debug|Any CPU.ActiveCfg = Debug|Any CPU
		{8974F63A-D9F6-444C-8A9E-88448446ECD7}.Debug|Any CPU.Build.0 = Debug|Any CPU
		{8974F63A-D9F6-444C-8A9E-88448446ECD7}.Release|Any CPU.ActiveCfg = Release|Any CPU
		{8974F63A-D9F6-444C-8A9E-88448446ECD7}.Release|Any CPU.Build.0 = Release|Any CPU
		{D60B6E77-AFC7-4F39-8D30-54E5B827EFD6}.Debug|Any CPU.ActiveCfg = Debug|Any CPU
		{D60B6E77-AFC7-4F39-8D30-54E5B827EFD6}.Debug|Any CPU.Build.0 = Debug|Any CPU
		{D60B6E77-AFC7-4F39-8D30-54E5B827EFD6}.Release|Any CPU.ActiveCfg = Release|Any CPU
		{D60B6E77-AFC7-4F39-8D30-54E5B827EFD6}.Release|Any CPU.Build.0 = Release|Any CPU
		{004CBD98-3B54-446E-B0E2-54E41559D5F8}.Debug|Any CPU.ActiveCfg = Debug|Any CPU
		{004CBD98-3B54-446E-B0E2-54E41559D5F8}.Debug|Any CPU.Build.0 = Debug|Any CPU
		{004CBD98-3B54-446E-B0E2-54E41559D5F8}.Release|Any CPU.ActiveCfg = Release|Any CPU
		{004CBD98-3B54-446E-B0E2-54E41559D5F8}.Release|Any CPU.Build.0 = Release|Any CPU
	EndGlobalSection
	GlobalSection(SolutionProperties) = preSolution
		HideSolutionNode = FALSE
	EndGlobalSection
	GlobalSection(ExtensibilityGlobals) = postSolution
		SolutionGuid = {C2A3F3B7-C9FC-410B-966C-930E74AA39F1}
	EndGlobalSection
EndGlobal
